// !$*UTF8*$!
{
	archiveVersion = 1;
	classes = {
	};
	objectVersion = 50;
	objects = {

/* Begin PBXBuildFile section */
		71CF6C417B7617E9C1CE8133 /* Pods_PontzerDemoTommyTilton.framework in Frameworks */ = {isa = PBXBuildFile; fileRef = 4D623452C9019BB3AD11AD91 /* Pods_PontzerDemoTommyTilton.framework */; };
		BA1557C2231220E300DFAFA1 /* AppDelegate.swift in Sources */ = {isa = PBXBuildFile; fileRef = BA1557C1231220E300DFAFA1 /* AppDelegate.swift */; };
		BA1557C4231220E300DFAFA1 /* ViewController.swift in Sources */ = {isa = PBXBuildFile; fileRef = BA1557C3231220E300DFAFA1 /* ViewController.swift */; };
		BA1557C7231220E300DFAFA1 /* Main.storyboard in Resources */ = {isa = PBXBuildFile; fileRef = BA1557C5231220E300DFAFA1 /* Main.storyboard */; };
		BA1557C9231220E500DFAFA1 /* Assets.xcassets in Resources */ = {isa = PBXBuildFile; fileRef = BA1557C8231220E500DFAFA1 /* Assets.xcassets */; };
		BA1557CC231220E500DFAFA1 /* LaunchScreen.storyboard in Resources */ = {isa = PBXBuildFile; fileRef = BA1557CA231220E500DFAFA1 /* LaunchScreen.storyboard */; };
		BA1557D4231221BB00DFAFA1 /* SignUpViewController.swift in Sources */ = {isa = PBXBuildFile; fileRef = BA1557D3231221BB00DFAFA1 /* SignUpViewController.swift */; };
		BA1557D6231221DA00DFAFA1 /* LoginViewController.swift in Sources */ = {isa = PBXBuildFile; fileRef = BA1557D5231221DA00DFAFA1 /* LoginViewController.swift */; };
		BA1557D82312220E00DFAFA1 /* HomeViewController.swift in Sources */ = {isa = PBXBuildFile; fileRef = BA1557D72312220E00DFAFA1 /* HomeViewController.swift */; };
		BAD0D2B42313126700F96108 /* Constants.swift in Sources */ = {isa = PBXBuildFile; fileRef = BAD0D2B22313126700F96108 /* Constants.swift */; };
		BAD0D2B52313126700F96108 /* Utilities.swift in Sources */ = {isa = PBXBuildFile; fileRef = BAD0D2B32313126700F96108 /* Utilities.swift */; };
		BAD0D2B72313191600F96108 /* GoogleService-Info.plist in Resources */ = {isa = PBXBuildFile; fileRef = BAD0D2B62313191600F96108 /* GoogleService-Info.plist */; };
/* End PBXBuildFile section */

/* Begin PBXFileReference section */
		4D623452C9019BB3AD11AD91 /* Pods_PontzerDemoTommyTilton.framework */ = {isa = PBXFileReference; explicitFileType = wrapper.framework; includeInIndex = 0; path = Pods_PontzerDemoTommyTilton.framework; sourceTree = BUILT_PRODUCTS_DIR; };
		7A20DF2DBF6AC9C018375909 /* Pods-PontzerDemoTommyTilton.release.xcconfig */ = {isa = PBXFileReference; includeInIndex = 1; lastKnownFileType = text.xcconfig; name = "Pods-PontzerDemoTommyTilton.release.xcconfig"; path = "Target Support Files/Pods-PontzerDemoTommyTilton/Pods-PontzerDemoTommyTilton.release.xcconfig"; sourceTree = "<group>"; };
		ABC3F50717F9FCFA808D8806 /* Pods-PontzerDemoTommyTilton.debug.xcconfig */ = {isa = PBXFileReference; includeInIndex = 1; lastKnownFileType = text.xcconfig; name = "Pods-PontzerDemoTommyTilton.debug.xcconfig"; path = "Target Support Files/Pods-PontzerDemoTommyTilton/Pods-PontzerDemoTommyTilton.debug.xcconfig"; sourceTree = "<group>"; };
		BA1557BE231220E300DFAFA1 /* PontzerDemoTommyTilton.app */ = {isa = PBXFileReference; explicitFileType = wrapper.application; includeInIndex = 0; path = PontzerDemoTommyTilton.app; sourceTree = BUILT_PRODUCTS_DIR; };
		BA1557C1231220E300DFAFA1 /* AppDelegate.swift */ = {isa = PBXFileReference; lastKnownFileType = sourcecode.swift; path = AppDelegate.swift; sourceTree = "<group>"; };
		BA1557C3231220E300DFAFA1 /* ViewController.swift */ = {isa = PBXFileReference; lastKnownFileType = sourcecode.swift; path = ViewController.swift; sourceTree = "<group>"; };
		BA1557C6231220E300DFAFA1 /* Base */ = {isa = PBXFileReference; lastKnownFileType = file.storyboard; name = Base; path = Base.lproj/Main.storyboard; sourceTree = "<group>"; };
		BA1557C8231220E500DFAFA1 /* Assets.xcassets */ = {isa = PBXFileReference; lastKnownFileType = folder.assetcatalog; path = Assets.xcassets; sourceTree = "<group>"; };
		BA1557CB231220E500DFAFA1 /* Base */ = {isa = PBXFileReference; lastKnownFileType = file.storyboard; name = Base; path = Base.lproj/LaunchScreen.storyboard; sourceTree = "<group>"; };
		BA1557CD231220E500DFAFA1 /* Info.plist */ = {isa = PBXFileReference; lastKnownFileType = text.plist.xml; path = Info.plist; sourceTree = "<group>"; };
		BA1557D3231221BB00DFAFA1 /* SignUpViewController.swift */ = {isa = PBXFileReference; lastKnownFileType = sourcecode.swift; path = SignUpViewController.swift; sourceTree = "<group>"; };
		BA1557D5231221DA00DFAFA1 /* LoginViewController.swift */ = {isa = PBXFileReference; lastKnownFileType = sourcecode.swift; path = LoginViewController.swift; sourceTree = "<group>"; };
		BA1557D72312220E00DFAFA1 /* HomeViewController.swift */ = {isa = PBXFileReference; lastKnownFileType = sourcecode.swift; path = HomeViewController.swift; sourceTree = "<group>"; };
		BAD0D2B22313126700F96108 /* Constants.swift */ = {isa = PBXFileReference; fileEncoding = 4; lastKnownFileType = sourcecode.swift; path = Constants.swift; sourceTree = "<group>"; };
		BAD0D2B32313126700F96108 /* Utilities.swift */ = {isa = PBXFileReference; fileEncoding = 4; lastKnownFileType = sourcecode.swift; path = Utilities.swift; sourceTree = "<group>"; };
		BAD0D2B62313191600F96108 /* GoogleService-Info.plist */ = {isa = PBXFileReference; fileEncoding = 4; lastKnownFileType = text.plist.xml; path = "GoogleService-Info.plist"; sourceTree = "<group>"; };
/* End PBXFileReference section */

/* Begin PBXFrameworksBuildPhase section */
		BA1557BB231220E300DFAFA1 /* Frameworks */ = {
			isa = PBXFrameworksBuildPhase;
			buildActionMask = 2147483647;
			files = (
				71CF6C417B7617E9C1CE8133 /* Pods_PontzerDemoTommyTilton.framework in Frameworks */,
			);
			runOnlyForDeploymentPostprocessing = 0;
		};
/* End PBXFrameworksBuildPhase section */

/* Begin PBXGroup section */
		70DE9C7E26EA8E85F383FC96 /* Pods */ = {
			isa = PBXGroup;
			children = (
				ABC3F50717F9FCFA808D8806 /* Pods-PontzerDemoTommyTilton.debug.xcconfig */,
				7A20DF2DBF6AC9C018375909 /* Pods-PontzerDemoTommyTilton.release.xcconfig */,
			);
			name = Pods;
			path = Pods;
			sourceTree = "<group>";
		};
		BA1557B5231220E300DFAFA1 = {
			isa = PBXGroup;
			children = (
				BA1557C0231220E300DFAFA1 /* LoginDemoTommyTilton */,
				BA1557BF231220E300DFAFA1 /* Products */,
				70DE9C7E26EA8E85F383FC96 /* Pods */,
				CA461FCF2A5BC77F0CD7E775 /* Frameworks */,
			);
			sourceTree = "<group>";
		};
		BA1557BF231220E300DFAFA1 /* Products */ = {
			isa = PBXGroup;
			children = (
				BA1557BE231220E300DFAFA1 /* PontzerDemoTommyTilton.app */,
			);
			name = Products;
			sourceTree = "<group>";
		};
		BA1557C0231220E300DFAFA1 /* LoginDemoTommyTilton */ = {
			isa = PBXGroup;
			children = (
				BA1557D92312222300DFAFA1 /* ViewControllers */,
				BA1557C1231220E300DFAFA1 /* AppDelegate.swift */,
				BA1557C5231220E300DFAFA1 /* Main.storyboard */,
				BA1557C8231220E500DFAFA1 /* Assets.xcassets */,
				BAD0D2B12313126700F96108 /* Helpers */,
				BA1557CA231220E500DFAFA1 /* LaunchScreen.storyboard */,
				BAD0D2B62313191600F96108 /* GoogleService-Info.plist */,
				BA1557CD231220E500DFAFA1 /* Info.plist */,
			);
			path = LoginDemoTommyTilton;
			sourceTree = "<group>";
		};
		BA1557D92312222300DFAFA1 /* ViewControllers */ = {
			isa = PBXGroup;
			children = (
				BA1557C3231220E300DFAFA1 /* ViewController.swift */,
				BA1557D3231221BB00DFAFA1 /* SignUpViewController.swift */,
				BA1557D5231221DA00DFAFA1 /* LoginViewController.swift */,
				BA1557D72312220E00DFAFA1 /* HomeViewController.swift */,
			);
			path = ViewControllers;
			sourceTree = "<group>";
		};
		BAD0D2B12313126700F96108 /* Helpers */ = {
			isa = PBXGroup;
			children = (
				BAD0D2B22313126700F96108 /* Constants.swift */,
				BAD0D2B32313126700F96108 /* Utilities.swift */,
			);
			name = Helpers;
			path = ../../../../../Downloads/CustomLoginDemo/CustomLoginDemo/Helpers;
			sourceTree = "<group>";
		};
		CA461FCF2A5BC77F0CD7E775 /* Frameworks */ = {
			isa = PBXGroup;
			children = (
				4D623452C9019BB3AD11AD91 /* Pods_PontzerDemoTommyTilton.framework */,
			);
			name = Frameworks;
			sourceTree = "<group>";
		};
/* End PBXGroup section */

/* Begin PBXNativeTarget section */
		BA1557BD231220E300DFAFA1 /* PontzerDemoTommyTilton */ = {
			isa = PBXNativeTarget;
			buildConfigurationList = BA1557D0231220E500DFAFA1 /* Build configuration list for PBXNativeTarget "PontzerDemoTommyTilton" */;
			buildPhases = (
				A7660D70CA26D6BC57BCDBA4 /* [CP] Check Pods Manifest.lock */,
				BA1557BA231220E300DFAFA1 /* Sources */,
				BA1557BB231220E300DFAFA1 /* Frameworks */,
				BA1557BC231220E300DFAFA1 /* Resources */,
				071085AA6048A696891A5767 /* [CP] Embed Pods Frameworks */,
			);
			buildRules = (
			);
			dependencies = (
			);
			name = PontzerDemoTommyTilton;
			productName = LoginDemoTommyTilton;
			productReference = BA1557BE231220E300DFAFA1 /* PontzerDemoTommyTilton.app */;
			productType = "com.apple.product-type.application";
		};
/* End PBXNativeTarget section */

/* Begin PBXProject section */
		BA1557B6231220E300DFAFA1 /* Project object */ = {
			isa = PBXProject;
			attributes = {
				LastSwiftUpdateCheck = 1020;
				LastUpgradeCheck = 1020;
				ORGANIZATIONNAME = "Thomas Tilton";
				TargetAttributes = {
					BA1557BD231220E300DFAFA1 = {
						CreatedOnToolsVersion = 10.2.1;
					};
				};
			};
			buildConfigurationList = BA1557B9231220E300DFAFA1 /* Build configuration list for PBXProject "PontzerDemoTommyTilton" */;
			compatibilityVersion = "Xcode 9.3";
			developmentRegion = en;
			hasScannedForEncodings = 0;
			knownRegions = (
				en,
				Base,
			);
			mainGroup = BA1557B5231220E300DFAFA1;
			productRefGroup = BA1557BF231220E300DFAFA1 /* Products */;
			projectDirPath = "";
			projectRoot = "";
			targets = (
				BA1557BD231220E300DFAFA1 /* PontzerDemoTommyTilton */,
			);
		};
/* End PBXProject section */

/* Begin PBXResourcesBuildPhase section */
		BA1557BC231220E300DFAFA1 /* Resources */ = {
			isa = PBXResourcesBuildPhase;
			buildActionMask = 2147483647;
			files = (
				BA1557CC231220E500DFAFA1 /* LaunchScreen.storyboard in Resources */,
				BAD0D2B72313191600F96108 /* GoogleService-Info.plist in Resources */,
				BA1557C9231220E500DFAFA1 /* Assets.xcassets in Resources */,
				BA1557C7231220E300DFAFA1 /* Main.storyboard in Resources */,
			);
			runOnlyForDeploymentPostprocessing = 0;
		};
/* End PBXResourcesBuildPhase section */

/* Begin PBXShellScriptBuildPhase section */
		071085AA6048A696891A5767 /* [CP] Embed Pods Frameworks */ = {
			isa = PBXShellScriptBuildPhase;
			buildActionMask = 2147483647;
			files = (
			);
			inputFileListPaths = (
				"${PODS_ROOT}/Target Support Files/Pods-PontzerDemoTommyTilton/Pods-PontzerDemoTommyTilton-frameworks-${CONFIGURATION}-input-files.xcfilelist",
			);
			name = "[CP] Embed Pods Frameworks";
			outputFileListPaths = (
				"${PODS_ROOT}/Target Support Files/Pods-PontzerDemoTommyTilton/Pods-PontzerDemoTommyTilton-frameworks-${CONFIGURATION}-output-files.xcfilelist",
			);
			runOnlyForDeploymentPostprocessing = 0;
			shellPath = /bin/sh;
			shellScript = "\"${PODS_ROOT}/Target Support Files/Pods-PontzerDemoTommyTilton/Pods-PontzerDemoTommyTilton-frameworks.sh\"\n";
			showEnvVarsInLog = 0;
		};
		A7660D70CA26D6BC57BCDBA4 /* [CP] Check Pods Manifest.lock */ = {
			isa = PBXShellScriptBuildPhase;
			buildActionMask = 2147483647;
			files = (
			);
			inputFileListPaths = (
			);
			inputPaths = (
				"${PODS_PODFILE_DIR_PATH}/Podfile.lock",
				"${PODS_ROOT}/Manifest.lock",
			);
			name = "[CP] Check Pods Manifest.lock";
			outputFileListPaths = (
			);
			outputPaths = (
				"$(DERIVED_FILE_DIR)/Pods-PontzerDemoTommyTilton-checkManifestLockResult.txt",
			);
			runOnlyForDeploymentPostprocessing = 0;
			shellPath = /bin/sh;
			shellScript = "diff \"${PODS_PODFILE_DIR_PATH}/Podfile.lock\" \"${PODS_ROOT}/Manifest.lock\" > /dev/null\nif [ $? != 0 ] ; then\n    # print error to STDERR\n    echo \"error: The sandbox is not in sync with the Podfile.lock. Run 'pod install' or update your CocoaPods installation.\" >&2\n    exit 1\nfi\n# This output is used by Xcode 'outputs' to avoid re-running this script phase.\necho \"SUCCESS\" > \"${SCRIPT_OUTPUT_FILE_0}\"\n";
			showEnvVarsInLog = 0;
		};
/* End PBXShellScriptBuildPhase section */

/* Begin PBXSourcesBuildPhase section */
		BA1557BA231220E300DFAFA1 /* Sources */ = {
			isa = PBXSourcesBuildPhase;
			buildActionMask = 2147483647;
			files = (
				BA1557D82312220E00DFAFA1 /* HomeViewController.swift in Sources */,
				BA1557D6231221DA00DFAFA1 /* LoginViewController.swift in Sources */,
				BAD0D2B52313126700F96108 /* Utilities.swift in Sources */,
				BA1557D4231221BB00DFAFA1 /* SignUpViewController.swift in Sources */,
				BA1557C4231220E300DFAFA1 /* ViewController.swift in Sources */,
				BA1557C2231220E300DFAFA1 /* AppDelegate.swift in Sources */,
				BAD0D2B42313126700F96108 /* Constants.swift in Sources */,
			);
			runOnlyForDeploymentPostprocessing = 0;
		};
/* End PBXSourcesBuildPhase section */

/* Begin PBXVariantGroup section */
		BA1557C5231220E300DFAFA1 /* Main.storyboard */ = {
			isa = PBXVariantGroup;
			children = (
				BA1557C6231220E300DFAFA1 /* Base */,
			);
			name = Main.storyboard;
			sourceTree = "<group>";
		};
		BA1557CA231220E500DFAFA1 /* LaunchScreen.storyboard */ = {
			isa = PBXVariantGroup;
			children = (
				BA1557CB231220E500DFAFA1 /* Base */,
			);
			name = LaunchScreen.storyboard;
			sourceTree = "<group>";
		};
/* End PBXVariantGroup section */

/* Begin XCBuildConfiguration section */
		BA1557CE231220E500DFAFA1 /* Debug */ = {
			isa = XCBuildConfiguration;
			buildSettings = {
				ALWAYS_SEARCH_USER_PATHS = NO;
				CLANG_ANALYZER_NONNULL = YES;
				CLANG_ANALYZER_NUMBER_OBJECT_CONVERSION = YES_AGGRESSIVE;
				CLANG_CXX_LANGUAGE_STANDARD = "gnu++14";
				CLANG_CXX_LIBRARY = "libc++";
				CLANG_ENABLE_MODULES = YES;
				CLANG_ENABLE_OBJC_ARC = YES;
				CLANG_ENABLE_OBJC_WEAK = YES;
				CLANG_WARN_BLOCK_CAPTURE_AUTORELEASING = YES;
				CLANG_WARN_BOOL_CONVERSION = YES;
				CLANG_WARN_COMMA = YES;
				CLANG_WARN_CONSTANT_CONVERSION = YES;
				CLANG_WARN_DEPRECATED_OBJC_IMPLEMENTATIONS = YES;
				CLANG_WARN_DIRECT_OBJC_ISA_USAGE = YES_ERROR;
				CLANG_WARN_DOCUMENTATION_COMMENTS = YES;
				CLANG_WARN_EMPTY_BODY = YES;
				CLANG_WARN_ENUM_CONVERSION = YES;
				CLANG_WARN_INFINITE_RECURSION = YES;
				CLANG_WARN_INT_CONVERSION = YES;
				CLANG_WARN_NON_LITERAL_NULL_CONVERSION = YES;
				CLANG_WARN_OBJC_IMPLICIT_RETAIN_SELF = YES;
				CLANG_WARN_OBJC_LITERAL_CONVERSION = YES;
				CLANG_WARN_OBJC_ROOT_CLASS = YES_ERROR;
				CLANG_WARN_RANGE_LOOP_ANALYSIS = YES;
				CLANG_WARN_STRICT_PROTOTYPES = YES;
				CLANG_WARN_SUSPICIOUS_MOVE = YES;
				CLANG_WARN_UNGUARDED_AVAILABILITY = YES_AGGRESSIVE;
				CLANG_WARN_UNREACHABLE_CODE = YES;
				CLANG_WARN__DUPLICATE_METHOD_MATCH = YES;
				CODE_SIGN_IDENTITY = "iPhone Developer";
				COPY_PHASE_STRIP = NO;
				DEBUG_INFORMATION_FORMAT = dwarf;
				ENABLE_STRICT_OBJC_MSGSEND = YES;
				ENABLE_TESTABILITY = YES;
				GCC_C_LANGUAGE_STANDARD = gnu11;
				GCC_DYNAMIC_NO_PIC = NO;
				GCC_NO_COMMON_BLOCKS = YES;
				GCC_OPTIMIZATION_LEVEL = 0;
				GCC_PREPROCESSOR_DEFINITIONS = (
					"DEBUG=1",
					"$(inherited)",
				);
				GCC_WARN_64_TO_32_BIT_CONVERSION = YES;
				GCC_WARN_ABOUT_RETURN_TYPE = YES_ERROR;
				GCC_WARN_UNDECLARED_SELECTOR = YES;
				GCC_WARN_UNINITIALIZED_AUTOS = YES_AGGRESSIVE;
				GCC_WARN_UNUSED_FUNCTION = YES;
				GCC_WARN_UNUSED_VARIABLE = YES;
				IPHONEOS_DEPLOYMENT_TARGET = 12.2;
				MTL_ENABLE_DEBUG_INFO = INCLUDE_SOURCE;
				MTL_FAST_MATH = YES;
				ONLY_ACTIVE_ARCH = YES;
				SDKROOT = iphoneos;
				SWIFT_ACTIVE_COMPILATION_CONDITIONS = DEBUG;
				SWIFT_OPTIMIZATION_LEVEL = "-Onone";
			};
			name = Debug;
		};
		BA1557CF231220E500DFAFA1 /* Release */ = {
			isa = XCBuildConfiguration;
			buildSettings = {
				ALWAYS_SEARCH_USER_PATHS = NO;
				CLANG_ANALYZER_NONNULL = YES;
				CLANG_ANALYZER_NUMBER_OBJECT_CONVERSION = YES_AGGRESSIVE;
				CLANG_CXX_LANGUAGE_STANDARD = "gnu++14";
				CLANG_CXX_LIBRARY = "libc++";
				CLANG_ENABLE_MODULES = YES;
				CLANG_ENABLE_OBJC_ARC = YES;
				CLANG_ENABLE_OBJC_WEAK = YES;
				CLANG_WARN_BLOCK_CAPTURE_AUTORELEASING = YES;
				CLANG_WARN_BOOL_CONVERSION = YES;
				CLANG_WARN_COMMA = YES;
				CLANG_WARN_CONSTANT_CONVERSION = YES;
				CLANG_WARN_DEPRECATED_OBJC_IMPLEMENTATIONS = YES;
				CLANG_WARN_DIRECT_OBJC_ISA_USAGE = YES_ERROR;
				CLANG_WARN_DOCUMENTATION_COMMENTS = YES;
				CLANG_WARN_EMPTY_BODY = YES;
				CLANG_WARN_ENUM_CONVERSION = YES;
				CLANG_WARN_INFINITE_RECURSION = YES;
				CLANG_WARN_INT_CONVERSION = YES;
				CLANG_WARN_NON_LITERAL_NULL_CONVERSION = YES;
				CLANG_WARN_OBJC_IMPLICIT_RETAIN_SELF = YES;
				CLANG_WARN_OBJC_LITERAL_CONVERSION = YES;
				CLANG_WARN_OBJC_ROOT_CLASS = YES_ERROR;
				CLANG_WARN_RANGE_LOOP_ANALYSIS = YES;
				CLANG_WARN_STRICT_PROTOTYPES = YES;
				CLANG_WARN_SUSPICIOUS_MOVE = YES;
				CLANG_WARN_UNGUARDED_AVAILABILITY = YES_AGGRESSIVE;
				CLANG_WARN_UNREACHABLE_CODE = YES;
				CLANG_WARN__DUPLICATE_METHOD_MATCH = YES;
				CODE_SIGN_IDENTITY = "iPhone Developer";
				COPY_PHASE_STRIP = NO;
				DEBUG_INFORMATION_FORMAT = "dwarf-with-dsym";
				ENABLE_NS_ASSERTIONS = NO;
				ENABLE_STRICT_OBJC_MSGSEND = YES;
				GCC_C_LANGUAGE_STANDARD = gnu11;
				GCC_NO_COMMON_BLOCKS = YES;
				GCC_WARN_64_TO_32_BIT_CONVERSION = YES;
				GCC_WARN_ABOUT_RETURN_TYPE = YES_ERROR;
				GCC_WARN_UNDECLARED_SELECTOR = YES;
				GCC_WARN_UNINITIALIZED_AUTOS = YES_AGGRESSIVE;
				GCC_WARN_UNUSED_FUNCTION = YES;
				GCC_WARN_UNUSED_VARIABLE = YES;
				IPHONEOS_DEPLOYMENT_TARGET = 12.2;
				MTL_ENABLE_DEBUG_INFO = NO;
				MTL_FAST_MATH = YES;
				SDKROOT = iphoneos;
				SWIFT_COMPILATION_MODE = wholemodule;
				SWIFT_OPTIMIZATION_LEVEL = "-O";
				VALIDATE_PRODUCT = YES;
			};
			name = Release;
		};
		BA1557D1231220E500DFAFA1 /* Debug */ = {
			isa = XCBuildConfiguration;
			baseConfigurationReference = ABC3F50717F9FCFA808D8806 /* Pods-PontzerDemoTommyTilton.debug.xcconfig */;
			buildSettings = {
				ASSETCATALOG_COMPILER_APPICON_NAME = AppIcon;
				CODE_SIGN_STYLE = Automatic;
				DEVELOPMENT_TEAM = FFK32T5C3E;
				INFOPLIST_FILE = LoginDemoTommyTilton/Info.plist;
				LD_RUNPATH_SEARCH_PATHS = (
					"$(inherited)",
					"@executable_path/Frameworks",
				);
				PRODUCT_BUNDLE_IDENTIFIER = PresidioWorks.PontzerDemoTommyTilton;
				PRODUCT_NAME = "$(TARGET_NAME)";
				SWIFT_VERSION = 5.0;
				TARGETED_DEVICE_FAMILY = "1,2";
			};
			name = Debug;
		};
		BA1557D2231220E500DFAFA1 /* Release */ = {
			isa = XCBuildConfiguration;
			baseConfigurationReference = 7A20DF2DBF6AC9C018375909 /* Pods-PontzerDemoTommyTilton.release.xcconfig */;
			buildSettings = {
				ASSETCATALOG_COMPILER_APPICON_NAME = AppIcon;
				CODE_SIGN_STYLE = Automatic;
				DEVELOPMENT_TEAM = FFK32T5C3E;
				INFOPLIST_FILE = LoginDemoTommyTilton/Info.plist;
				LD_RUNPATH_SEARCH_PATHS = (
					"$(inherited)",
					"@executable_path/Frameworks",
				);
				PRODUCT_BUNDLE_IDENTIFIER = PresidioWorks.PontzerDemoTommyTilton;
				PRODUCT_NAME = "$(TARGET_NAME)";
				SWIFT_VERSION = 5.0;
				TARGETED_DEVICE_FAMILY = "1,2";
			};
			name = Release;
		};
/* End XCBuildConfiguration section */

/* Begin XCConfigurationList section */
		BA1557B9231220E300DFAFA1 /* Build configuration list for PBXProject "PontzerDemoTommyTilton" */ = {
			isa = XCConfigurationList;
			buildConfigurations = (
				BA1557CE231220E500DFAFA1 /* Debug */,
				BA1557CF231220E500DFAFA1 /* Release */,
			);
			defaultConfigurationIsVisible = 0;
			defaultConfigurationName = Release;
		};
		BA1557D0231220E500DFAFA1 /* Build configuration list for PBXNativeTarget "PontzerDemoTommyTilton" */ = {
			isa = XCConfigurationList;
			buildConfigurations = (
				BA1557D1231220E500DFAFA1 /* Debug */,
				BA1557D2231220E500DFAFA1 /* Release */,
			);
			defaultConfigurationIsVisible = 0;
			defaultConfigurationName = Release;
		};
/* End XCConfigurationList section */
	};
	rootObject = BA1557B6231220E300DFAFA1 /* Project object */;
}
